
Microsoft Visual Studio Solution File, Format Version 12.00
# Visual Studio 15
VisualStudioVersion = 15.0.26730.16
MinimumVisualStudioVersion = 10.0.40219.1
Project("{FAE04EC0-301F-11D3-BF4B-00C04F79EFBC}") = "Paragraff", "Paragraff\Paragraff.csproj", "{4D8C891A-6774-44A7-A648-AF5B97ADC300}"
EndProject
Global
	GlobalSection(SolutionConfigurationPlatforms) = preSolution
		Debug|Any CPU = Debug|Any CPU
		Release|Any CPU = Release|Any CPU
	EndGlobalSection
	GlobalSection(ProjectConfigurationPlatforms) = postSolution
		{4D8C891A-6774-44A7-A648-AF5B97ADC300}.Debug|Any CPU.ActiveCfg = Debug|Any CPU
		{4D8C891A-6774-44A7-A648-AF5B97ADC300}.Debug|Any CPU.Build.0 = Debug|Any CPU
		{4D8C891A-6774-44A7-A648-AF5B97ADC300}.Release|Any CPU.ActiveCfg = Release|Any CPU
		{4D8C891A-6774-44A7-A648-AF5B97ADC300}.Release|Any CPU.Build.0 = Release|Any CPU
	EndGlobalSection
	GlobalSection(SolutionProperties) = preSolution
		HideSolutionNode = FALSE
	EndGlobalSection
	GlobalSection(ExtensibilityGlobals) = postSolution
		SolutionGuid = {62E3FE3D-1980-4305-AF3A-6B53694913F3}
	EndGlobalSection
EndGlobal
